// !$*UTF8*$!
{
	archiveVersion = 1;
	classes = {
	};
	objectVersion = 55;
	objects = {

/* Begin PBXBuildFile section */
		30CC7F2111CC6843F14B7145 /* Pods_iOSDemoTests.framework in Frameworks */ = {isa = PBXBuildFile; fileRef = 2E597771A92C869225874A9D /* Pods_iOSDemoTests.framework */; };
		62EFCC8078D75B6B1312D472 /* ContentWebView.swift in Sources */ = {isa = PBXBuildFile; fileRef = 62EFC7E99ECE446BEABB7AA3 /* ContentWebView.swift */; };
		73419AB886307A3CB1C556E0 /* Pods_iOSDemo.framework in Frameworks */ = {isa = PBXBuildFile; fileRef = 4B664EC647BBBF08A5630FD8 /* Pods_iOSDemo.framework */; };
		7B33974228FE7A7200BC91E4 /* AppDelegate.swift in Sources */ = {isa = PBXBuildFile; fileRef = 7B33974128FE7A7200BC91E4 /* AppDelegate.swift */; };
		7BAC6050274C08640071954D /* iOSDemoApp.swift in Sources */ = {isa = PBXBuildFile; fileRef = 7BAC604F274C08640071954D /* iOSDemoApp.swift */; };
		7BAC6052274C08640071954D /* ContentView.swift in Sources */ = {isa = PBXBuildFile; fileRef = 7BAC6051274C08640071954D /* ContentView.swift */; };
		7BAC6054274C08660071954D /* Assets.xcassets in Resources */ = {isa = PBXBuildFile; fileRef = 7BAC6053274C08660071954D /* Assets.xcassets */; };
		7BAC6057274C08660071954D /* Preview Assets.xcassets in Resources */ = {isa = PBXBuildFile; fileRef = 7BAC6056274C08660071954D /* Preview Assets.xcassets */; };
		7BAC6061274C08660071954D /* iOSDemoTests.swift in Sources */ = {isa = PBXBuildFile; fileRef = 7BAC6060274C08660071954D /* iOSDemoTests.swift */; };
		7BAC606B274C08660071954D /* iOSDemoUITests.swift in Sources */ = {isa = PBXBuildFile; fileRef = 7BAC606A274C08660071954D /* iOSDemoUITests.swift */; };
		7BAC606D274C08660071954D /* iOSDemoUITestsLaunchTests.swift in Sources */ = {isa = PBXBuildFile; fileRef = 7BAC606C274C08660071954D /* iOSDemoUITestsLaunchTests.swift */; };
		7BAC607A274C0A8F0071954D /* ExtoleCampaign.swift in Sources */ = {isa = PBXBuildFile; fileRef = 7BAC6079274C0A8F0071954D /* ExtoleCampaign.swift */; };
		7BAC607C274C0ABE0071954D /* CTA.swift in Sources */ = {isa = PBXBuildFile; fileRef = 7BAC607B274C0ABE0071954D /* CTA.swift */; };
		7C1AFF67C3AEE3BEA0C6AAC8 /* Pods_iOSDemo_iOSDemoUITests.framework in Frameworks */ = {isa = PBXBuildFile; fileRef = 5C7EE55267169D248538C7FD /* Pods_iOSDemo_iOSDemoUITests.framework */; };
/* End PBXBuildFile section */

/* Begin PBXContainerItemProxy section */
		7BAC605D274C08660071954D /* PBXContainerItemProxy */ = {
			isa = PBXContainerItemProxy;
			containerPortal = 7BAC6044274C08640071954D /* Project object */;
			proxyType = 1;
			remoteGlobalIDString = 7BAC604B274C08640071954D;
			remoteInfo = iOSDemo;
		};
		7BAC6067274C08660071954D /* PBXContainerItemProxy */ = {
			isa = PBXContainerItemProxy;
			containerPortal = 7BAC6044274C08640071954D /* Project object */;
			proxyType = 1;
			remoteGlobalIDString = 7BAC604B274C08640071954D;
			remoteInfo = iOSDemo;
		};
/* End PBXContainerItemProxy section */

/* Begin PBXFileReference section */
		19E73539F684DC30D63C8C01 /* Pods-iOSDemo-iOSDemoUITests.release.xcconfig */ = {isa = PBXFileReference; includeInIndex = 1; lastKnownFileType = text.xcconfig; name = "Pods-iOSDemo-iOSDemoUITests.release.xcconfig"; path = "Target Support Files/Pods-iOSDemo-iOSDemoUITests/Pods-iOSDemo-iOSDemoUITests.release.xcconfig"; sourceTree = "<group>"; };
		2E597771A92C869225874A9D /* Pods_iOSDemoTests.framework */ = {isa = PBXFileReference; explicitFileType = wrapper.framework; includeInIndex = 0; path = Pods_iOSDemoTests.framework; sourceTree = BUILT_PRODUCTS_DIR; };
		4285355F633FF99E071F05DF /* Pods-iOSDemo.debug.xcconfig */ = {isa = PBXFileReference; includeInIndex = 1; lastKnownFileType = text.xcconfig; name = "Pods-iOSDemo.debug.xcconfig"; path = "Target Support Files/Pods-iOSDemo/Pods-iOSDemo.debug.xcconfig"; sourceTree = "<group>"; };
		4B664EC647BBBF08A5630FD8 /* Pods_iOSDemo.framework */ = {isa = PBXFileReference; explicitFileType = wrapper.framework; includeInIndex = 0; path = Pods_iOSDemo.framework; sourceTree = BUILT_PRODUCTS_DIR; };
		5A2DF5E3AAA4925AA0FE11E9 /* Pods-iOSDemo.release.xcconfig */ = {isa = PBXFileReference; includeInIndex = 1; lastKnownFileType = text.xcconfig; name = "Pods-iOSDemo.release.xcconfig"; path = "Target Support Files/Pods-iOSDemo/Pods-iOSDemo.release.xcconfig"; sourceTree = "<group>"; };
		5C7EE55267169D248538C7FD /* Pods_iOSDemo_iOSDemoUITests.framework */ = {isa = PBXFileReference; explicitFileType = wrapper.framework; includeInIndex = 0; path = Pods_iOSDemo_iOSDemoUITests.framework; sourceTree = BUILT_PRODUCTS_DIR; };
		62EFC7E99ECE446BEABB7AA3 /* ContentWebView.swift */ = {isa = PBXFileReference; fileEncoding = 4; lastKnownFileType = sourcecode.swift; path = ContentWebView.swift; sourceTree = "<group>"; };
		728AD3D7A0183E64A08E1AE5 /* Pods-iOSDemoTests.debug.xcconfig */ = {isa = PBXFileReference; includeInIndex = 1; lastKnownFileType = text.xcconfig; name = "Pods-iOSDemoTests.debug.xcconfig"; path = "Target Support Files/Pods-iOSDemoTests/Pods-iOSDemoTests.debug.xcconfig"; sourceTree = "<group>"; };
		79BBB4D96E493EA5AD9E440E /* Pods-iOSDemo-iOSDemoUITests.debug.xcconfig */ = {isa = PBXFileReference; includeInIndex = 1; lastKnownFileType = text.xcconfig; name = "Pods-iOSDemo-iOSDemoUITests.debug.xcconfig"; path = "Target Support Files/Pods-iOSDemo-iOSDemoUITests/Pods-iOSDemo-iOSDemoUITests.debug.xcconfig"; sourceTree = "<group>"; };
		7B33974128FE7A7200BC91E4 /* AppDelegate.swift */ = {isa = PBXFileReference; lastKnownFileType = sourcecode.swift; path = AppDelegate.swift; sourceTree = "<group>"; };
		7BAC604C274C08640071954D /* iOSDemo.app */ = {isa = PBXFileReference; explicitFileType = wrapper.application; includeInIndex = 0; path = iOSDemo.app; sourceTree = BUILT_PRODUCTS_DIR; };
		7BAC604F274C08640071954D /* iOSDemoApp.swift */ = {isa = PBXFileReference; lastKnownFileType = sourcecode.swift; path = iOSDemoApp.swift; sourceTree = "<group>"; };
		7BAC6051274C08640071954D /* ContentView.swift */ = {isa = PBXFileReference; lastKnownFileType = sourcecode.swift; path = ContentView.swift; sourceTree = "<group>"; };
		7BAC6053274C08660071954D /* Assets.xcassets */ = {isa = PBXFileReference; lastKnownFileType = folder.assetcatalog; path = Assets.xcassets; sourceTree = "<group>"; };
		7BAC6056274C08660071954D /* Preview Assets.xcassets */ = {isa = PBXFileReference; lastKnownFileType = folder.assetcatalog; path = "Preview Assets.xcassets"; sourceTree = "<group>"; };
		7BAC605C274C08660071954D /* iOSDemoTests.xctest */ = {isa = PBXFileReference; explicitFileType = wrapper.cfbundle; includeInIndex = 0; path = iOSDemoTests.xctest; sourceTree = BUILT_PRODUCTS_DIR; };
		7BAC6060274C08660071954D /* iOSDemoTests.swift */ = {isa = PBXFileReference; lastKnownFileType = sourcecode.swift; path = iOSDemoTests.swift; sourceTree = "<group>"; };
		7BAC6066274C08660071954D /* iOSDemoUITests.xctest */ = {isa = PBXFileReference; explicitFileType = wrapper.cfbundle; includeInIndex = 0; path = iOSDemoUITests.xctest; sourceTree = BUILT_PRODUCTS_DIR; };
		7BAC606A274C08660071954D /* iOSDemoUITests.swift */ = {isa = PBXFileReference; lastKnownFileType = sourcecode.swift; path = iOSDemoUITests.swift; sourceTree = "<group>"; };
		7BAC606C274C08660071954D /* iOSDemoUITestsLaunchTests.swift */ = {isa = PBXFileReference; lastKnownFileType = sourcecode.swift; path = iOSDemoUITestsLaunchTests.swift; sourceTree = "<group>"; };
		7BAC6079274C0A8F0071954D /* ExtoleCampaign.swift */ = {isa = PBXFileReference; lastKnownFileType = sourcecode.swift; path = ExtoleCampaign.swift; sourceTree = "<group>"; };
		7BAC607B274C0ABE0071954D /* CTA.swift */ = {isa = PBXFileReference; lastKnownFileType = sourcecode.swift; path = CTA.swift; sourceTree = "<group>"; };
		C4CF747714555AF89DF6E195 /* Pods-iOSDemoTests.release.xcconfig */ = {isa = PBXFileReference; includeInIndex = 1; lastKnownFileType = text.xcconfig; name = "Pods-iOSDemoTests.release.xcconfig"; path = "Target Support Files/Pods-iOSDemoTests/Pods-iOSDemoTests.release.xcconfig"; sourceTree = "<group>"; };
/* End PBXFileReference section */

/* Begin PBXFrameworksBuildPhase section */
		7BAC6049274C08640071954D /* Frameworks */ = {
			isa = PBXFrameworksBuildPhase;
			buildActionMask = 2147483647;
			files = (
				73419AB886307A3CB1C556E0 /* Pods_iOSDemo.framework in Frameworks */,
			);
			runOnlyForDeploymentPostprocessing = 0;
		};
		7BAC6059274C08660071954D /* Frameworks */ = {
			isa = PBXFrameworksBuildPhase;
			buildActionMask = 2147483647;
			files = (
				30CC7F2111CC6843F14B7145 /* Pods_iOSDemoTests.framework in Frameworks */,
			);
			runOnlyForDeploymentPostprocessing = 0;
		};
		7BAC6063274C08660071954D /* Frameworks */ = {
			isa = PBXFrameworksBuildPhase;
			buildActionMask = 2147483647;
			files = (
				7C1AFF67C3AEE3BEA0C6AAC8 /* Pods_iOSDemo_iOSDemoUITests.framework in Frameworks */,
			);
			runOnlyForDeploymentPostprocessing = 0;
		};
/* End PBXFrameworksBuildPhase section */

/* Begin PBXGroup section */
		68B9D3B18E6C47CBDE7603DC /* Pods */ = {
			isa = PBXGroup;
			children = (
				4285355F633FF99E071F05DF /* Pods-iOSDemo.debug.xcconfig */,
				5A2DF5E3AAA4925AA0FE11E9 /* Pods-iOSDemo.release.xcconfig */,
				79BBB4D96E493EA5AD9E440E /* Pods-iOSDemo-iOSDemoUITests.debug.xcconfig */,
				19E73539F684DC30D63C8C01 /* Pods-iOSDemo-iOSDemoUITests.release.xcconfig */,
				728AD3D7A0183E64A08E1AE5 /* Pods-iOSDemoTests.debug.xcconfig */,
				C4CF747714555AF89DF6E195 /* Pods-iOSDemoTests.release.xcconfig */,
			);
			path = Pods;
			sourceTree = "<group>";
		};
		7BAC6043274C08640071954D = {
			isa = PBXGroup;
			children = (
				7BAC604E274C08640071954D /* iOSDemo */,
				7BAC605F274C08660071954D /* iOSDemoTests */,
				7BAC6069274C08660071954D /* iOSDemoUITests */,
				7BAC604D274C08640071954D /* Products */,
				68B9D3B18E6C47CBDE7603DC /* Pods */,
				ABCDDB5F364F9A8C69F0252F /* Frameworks */,
			);
			sourceTree = "<group>";
		};
		7BAC604D274C08640071954D /* Products */ = {
			isa = PBXGroup;
			children = (
				7BAC604C274C08640071954D /* iOSDemo.app */,
				7BAC605C274C08660071954D /* iOSDemoTests.xctest */,
				7BAC6066274C08660071954D /* iOSDemoUITests.xctest */,
			);
			name = Products;
			sourceTree = "<group>";
		};
		7BAC604E274C08640071954D /* iOSDemo */ = {
			isa = PBXGroup;
			children = (
				7BAC607B274C0ABE0071954D /* CTA.swift */,
				7BAC6079274C0A8F0071954D /* ExtoleCampaign.swift */,
				7BAC604F274C08640071954D /* iOSDemoApp.swift */,
				7BAC6051274C08640071954D /* ContentView.swift */,
				7BAC6053274C08660071954D /* Assets.xcassets */,
				7BAC6055274C08660071954D /* Preview Content */,
				62EFC7E99ECE446BEABB7AA3 /* ContentWebView.swift */,
				7B33974128FE7A7200BC91E4 /* AppDelegate.swift */,
			);
			path = iOSDemo;
			sourceTree = "<group>";
		};
		7BAC6055274C08660071954D /* Preview Content */ = {
			isa = PBXGroup;
			children = (
				7BAC6056274C08660071954D /* Preview Assets.xcassets */,
			);
			path = "Preview Content";
			sourceTree = "<group>";
		};
		7BAC605F274C08660071954D /* iOSDemoTests */ = {
			isa = PBXGroup;
			children = (
				7BAC6060274C08660071954D /* iOSDemoTests.swift */,
			);
			path = iOSDemoTests;
			sourceTree = "<group>";
		};
		7BAC6069274C08660071954D /* iOSDemoUITests */ = {
			isa = PBXGroup;
			children = (
				7BAC606A274C08660071954D /* iOSDemoUITests.swift */,
				7BAC606C274C08660071954D /* iOSDemoUITestsLaunchTests.swift */,
			);
			path = iOSDemoUITests;
			sourceTree = "<group>";
		};
		ABCDDB5F364F9A8C69F0252F /* Frameworks */ = {
			isa = PBXGroup;
			children = (
				4B664EC647BBBF08A5630FD8 /* Pods_iOSDemo.framework */,
				5C7EE55267169D248538C7FD /* Pods_iOSDemo_iOSDemoUITests.framework */,
				2E597771A92C869225874A9D /* Pods_iOSDemoTests.framework */,
			);
			name = Frameworks;
			sourceTree = "<group>";
		};
/* End PBXGroup section */

/* Begin PBXNativeTarget section */
		7BAC604B274C08640071954D /* iOSDemo */ = {
			isa = PBXNativeTarget;
			buildConfigurationList = 7BAC6070274C08660071954D /* Build configuration list for PBXNativeTarget "iOSDemo" */;
			buildPhases = (
				5BB0A55D2FF07E782E9583D9 /* [CP] Check Pods Manifest.lock */,
				7BAC6048274C08640071954D /* Sources */,
				7BAC6049274C08640071954D /* Frameworks */,
				7BAC604A274C08640071954D /* Resources */,
				5D81B360DC8A30B6F9BB2FA7 /* [CP] Embed Pods Frameworks */,
			);
			buildRules = (
			);
			dependencies = (
			);
			name = iOSDemo;
			productName = iOSDemo;
			productReference = 7BAC604C274C08640071954D /* iOSDemo.app */;
			productType = "com.apple.product-type.application";
		};
		7BAC605B274C08660071954D /* iOSDemoTests */ = {
			isa = PBXNativeTarget;
			buildConfigurationList = 7BAC6073274C08660071954D /* Build configuration list for PBXNativeTarget "iOSDemoTests" */;
			buildPhases = (
				4C309385EAE12CEC0FE0ABE1 /* [CP] Check Pods Manifest.lock */,
				7BAC6058274C08660071954D /* Sources */,
				7BAC6059274C08660071954D /* Frameworks */,
				7BAC605A274C08660071954D /* Resources */,
			);
			buildRules = (
			);
			dependencies = (
				7BAC605E274C08660071954D /* PBXTargetDependency */,
			);
			name = iOSDemoTests;
			productName = iOSDemoTests;
			productReference = 7BAC605C274C08660071954D /* iOSDemoTests.xctest */;
			productType = "com.apple.product-type.bundle.unit-test";
		};
		7BAC6065274C08660071954D /* iOSDemoUITests */ = {
			isa = PBXNativeTarget;
			buildConfigurationList = 7BAC6076274C08660071954D /* Build configuration list for PBXNativeTarget "iOSDemoUITests" */;
			buildPhases = (
				C6D7FA4E5377B4C4053716EF /* [CP] Check Pods Manifest.lock */,
				7BAC6062274C08660071954D /* Sources */,
				7BAC6063274C08660071954D /* Frameworks */,
				7BAC6064274C08660071954D /* Resources */,
				F9F8F74FA787A09B1503D0DB /* [CP] Embed Pods Frameworks */,
			);
			buildRules = (
			);
			dependencies = (
				7BAC6068274C08660071954D /* PBXTargetDependency */,
			);
			name = iOSDemoUITests;
			productName = iOSDemoUITests;
			productReference = 7BAC6066274C08660071954D /* iOSDemoUITests.xctest */;
			productType = "com.apple.product-type.bundle.ui-testing";
		};
/* End PBXNativeTarget section */

/* Begin PBXProject section */
		7BAC6044274C08640071954D /* Project object */ = {
			isa = PBXProject;
			attributes = {
				BuildIndependentTargetsInParallel = 1;
				LastSwiftUpdateCheck = 1300;
				LastUpgradeCheck = 1300;
				TargetAttributes = {
					7BAC604B274C08640071954D = {
						CreatedOnToolsVersion = 13.0;
					};
					7BAC605B274C08660071954D = {
						CreatedOnToolsVersion = 13.0;
						TestTargetID = 7BAC604B274C08640071954D;
					};
					7BAC6065274C08660071954D = {
						CreatedOnToolsVersion = 13.0;
						TestTargetID = 7BAC604B274C08640071954D;
					};
				};
			};
			buildConfigurationList = 7BAC6047274C08640071954D /* Build configuration list for PBXProject "iOSDemo" */;
			compatibilityVersion = "Xcode 13.0";
			developmentRegion = en;
			hasScannedForEncodings = 0;
			knownRegions = (
				en,
				Base,
			);
			mainGroup = 7BAC6043274C08640071954D;
			productRefGroup = 7BAC604D274C08640071954D /* Products */;
			projectDirPath = "";
			projectRoot = "";
			targets = (
				7BAC604B274C08640071954D /* iOSDemo */,
				7BAC605B274C08660071954D /* iOSDemoTests */,
				7BAC6065274C08660071954D /* iOSDemoUITests */,
			);
		};
/* End PBXProject section */

/* Begin PBXResourcesBuildPhase section */
		7BAC604A274C08640071954D /* Resources */ = {
			isa = PBXResourcesBuildPhase;
			buildActionMask = 2147483647;
			files = (
				7BAC6057274C08660071954D /* Preview Assets.xcassets in Resources */,
				7BAC6054274C08660071954D /* Assets.xcassets in Resources */,
			);
			runOnlyForDeploymentPostprocessing = 0;
		};
		7BAC605A274C08660071954D /* Resources */ = {
			isa = PBXResourcesBuildPhase;
			buildActionMask = 2147483647;
			files = (
			);
			runOnlyForDeploymentPostprocessing = 0;
		};
		7BAC6064274C08660071954D /* Resources */ = {
			isa = PBXResourcesBuildPhase;
			buildActionMask = 2147483647;
			files = (
			);
			runOnlyForDeploymentPostprocessing = 0;
		};
/* End PBXResourcesBuildPhase section */

/* Begin PBXShellScriptBuildPhase section */
		4C309385EAE12CEC0FE0ABE1 /* [CP] Check Pods Manifest.lock */ = {
			isa = PBXShellScriptBuildPhase;
			buildActionMask = 2147483647;
			files = (
			);
			inputFileListPaths = (
			);
			inputPaths = (
				"${PODS_PODFILE_DIR_PATH}/Podfile.lock",
				"${PODS_ROOT}/Manifest.lock",
			);
			name = "[CP] Check Pods Manifest.lock";
			outputFileListPaths = (
			);
			outputPaths = (
				"$(DERIVED_FILE_DIR)/Pods-iOSDemoTests-checkManifestLockResult.txt",
			);
			runOnlyForDeploymentPostprocessing = 0;
			shellPath = /bin/sh;
			shellScript = "diff \"${PODS_PODFILE_DIR_PATH}/Podfile.lock\" \"${PODS_ROOT}/Manifest.lock\" > /dev/null\nif [ $? != 0 ] ; then\n    # print error to STDERR\n    echo \"error: The sandbox is not in sync with the Podfile.lock. Run 'pod install' or update your CocoaPods installation.\" >&2\n    exit 1\nfi\n# This output is used by Xcode 'outputs' to avoid re-running this script phase.\necho \"SUCCESS\" > \"${SCRIPT_OUTPUT_FILE_0}\"\n";
			showEnvVarsInLog = 0;
		};
		5BB0A55D2FF07E782E9583D9 /* [CP] Check Pods Manifest.lock */ = {
			isa = PBXShellScriptBuildPhase;
			buildActionMask = 2147483647;
			files = (
			);
			inputFileListPaths = (
			);
			inputPaths = (
				"${PODS_PODFILE_DIR_PATH}/Podfile.lock",
				"${PODS_ROOT}/Manifest.lock",
			);
			name = "[CP] Check Pods Manifest.lock";
			outputFileListPaths = (
			);
			outputPaths = (
				"$(DERIVED_FILE_DIR)/Pods-iOSDemo-checkManifestLockResult.txt",
			);
			runOnlyForDeploymentPostprocessing = 0;
			shellPath = /bin/sh;
			shellScript = "diff \"${PODS_PODFILE_DIR_PATH}/Podfile.lock\" \"${PODS_ROOT}/Manifest.lock\" > /dev/null\nif [ $? != 0 ] ; then\n    # print error to STDERR\n    echo \"error: The sandbox is not in sync with the Podfile.lock. Run 'pod install' or update your CocoaPods installation.\" >&2\n    exit 1\nfi\n# This output is used by Xcode 'outputs' to avoid re-running this script phase.\necho \"SUCCESS\" > \"${SCRIPT_OUTPUT_FILE_0}\"\n";
			showEnvVarsInLog = 0;
		};
		5D81B360DC8A30B6F9BB2FA7 /* [CP] Embed Pods Frameworks */ = {
			isa = PBXShellScriptBuildPhase;
			buildActionMask = 2147483647;
			files = (
			);
			inputFileListPaths = (
				"${PODS_ROOT}/Target Support Files/Pods-iOSDemo/Pods-iOSDemo-frameworks-${CONFIGURATION}-input-files.xcfilelist",
			);
			name = "[CP] Embed Pods Frameworks";
			outputFileListPaths = (
				"${PODS_ROOT}/Target Support Files/Pods-iOSDemo/Pods-iOSDemo-frameworks-${CONFIGURATION}-output-files.xcfilelist",
			);
			runOnlyForDeploymentPostprocessing = 0;
			shellPath = /bin/sh;
			shellScript = "\"${PODS_ROOT}/Target Support Files/Pods-iOSDemo/Pods-iOSDemo-frameworks.sh\"\n";
			showEnvVarsInLog = 0;
		};
		C6D7FA4E5377B4C4053716EF /* [CP] Check Pods Manifest.lock */ = {
			isa = PBXShellScriptBuildPhase;
			buildActionMask = 2147483647;
			files = (
			);
			inputFileListPaths = (
			);
			inputPaths = (
				"${PODS_PODFILE_DIR_PATH}/Podfile.lock",
				"${PODS_ROOT}/Manifest.lock",
			);
			name = "[CP] Check Pods Manifest.lock";
			outputFileListPaths = (
			);
			outputPaths = (
				"$(DERIVED_FILE_DIR)/Pods-iOSDemo-iOSDemoUITests-checkManifestLockResult.txt",
			);
			runOnlyForDeploymentPostprocessing = 0;
			shellPath = /bin/sh;
			shellScript = "diff \"${PODS_PODFILE_DIR_PATH}/Podfile.lock\" \"${PODS_ROOT}/Manifest.lock\" > /dev/null\nif [ $? != 0 ] ; then\n    # print error to STDERR\n    echo \"error: The sandbox is not in sync with the Podfile.lock. Run 'pod install' or update your CocoaPods installation.\" >&2\n    exit 1\nfi\n# This output is used by Xcode 'outputs' to avoid re-running this script phase.\necho \"SUCCESS\" > \"${SCRIPT_OUTPUT_FILE_0}\"\n";
			showEnvVarsInLog = 0;
		};
		F9F8F74FA787A09B1503D0DB /* [CP] Embed Pods Frameworks */ = {
			isa = PBXShellScriptBuildPhase;
			buildActionMask = 2147483647;
			files = (
			);
			inputFileListPaths = (
				"${PODS_ROOT}/Target Support Files/Pods-iOSDemo-iOSDemoUITests/Pods-iOSDemo-iOSDemoUITests-frameworks-${CONFIGURATION}-input-files.xcfilelist",
			);
			name = "[CP] Embed Pods Frameworks";
			outputFileListPaths = (
				"${PODS_ROOT}/Target Support Files/Pods-iOSDemo-iOSDemoUITests/Pods-iOSDemo-iOSDemoUITests-frameworks-${CONFIGURATION}-output-files.xcfilelist",
			);
			runOnlyForDeploymentPostprocessing = 0;
			shellPath = /bin/sh;
			shellScript = "\"${PODS_ROOT}/Target Support Files/Pods-iOSDemo-iOSDemoUITests/Pods-iOSDemo-iOSDemoUITests-frameworks.sh\"\n";
			showEnvVarsInLog = 0;
		};
/* End PBXShellScriptBuildPhase section */

/* Begin PBXSourcesBuildPhase section */
		7BAC6048274C08640071954D /* Sources */ = {
			isa = PBXSourcesBuildPhase;
			buildActionMask = 2147483647;
			files = (
				7B33974228FE7A7200BC91E4 /* AppDelegate.swift in Sources */,
				7BAC6052274C08640071954D /* ContentView.swift in Sources */,
				7BAC607A274C0A8F0071954D /* ExtoleCampaign.swift in Sources */,
				7BAC607C274C0ABE0071954D /* CTA.swift in Sources */,
				7BAC6050274C08640071954D /* iOSDemoApp.swift in Sources */,
				62EFCC8078D75B6B1312D472 /* ContentWebView.swift in Sources */,
			);
			runOnlyForDeploymentPostprocessing = 0;
		};
		7BAC6058274C08660071954D /* Sources */ = {
			isa = PBXSourcesBuildPhase;
			buildActionMask = 2147483647;
			files = (
				7BAC6061274C08660071954D /* iOSDemoTests.swift in Sources */,
			);
			runOnlyForDeploymentPostprocessing = 0;
		};
		7BAC6062274C08660071954D /* Sources */ = {
			isa = PBXSourcesBuildPhase;
			buildActionMask = 2147483647;
			files = (
				7BAC606B274C08660071954D /* iOSDemoUITests.swift in Sources */,
				7BAC606D274C08660071954D /* iOSDemoUITestsLaunchTests.swift in Sources */,
			);
			runOnlyForDeploymentPostprocessing = 0;
		};
/* End PBXSourcesBuildPhase section */

/* Begin PBXTargetDependency section */
		7BAC605E274C08660071954D /* PBXTargetDependency */ = {
			isa = PBXTargetDependency;
			target = 7BAC604B274C08640071954D /* iOSDemo */;
			targetProxy = 7BAC605D274C08660071954D /* PBXContainerItemProxy */;
		};
		7BAC6068274C08660071954D /* PBXTargetDependency */ = {
			isa = PBXTargetDependency;
			target = 7BAC604B274C08640071954D /* iOSDemo */;
			targetProxy = 7BAC6067274C08660071954D /* PBXContainerItemProxy */;
		};
/* End PBXTargetDependency section */

/* Begin XCBuildConfiguration section */
		7BAC606E274C08660071954D /* Debug */ = {
			isa = XCBuildConfiguration;
			buildSettings = {
				ALWAYS_SEARCH_USER_PATHS = NO;
				CLANG_ANALYZER_NONNULL = YES;
				CLANG_ANALYZER_NUMBER_OBJECT_CONVERSION = YES_AGGRESSIVE;
				CLANG_CXX_LANGUAGE_STANDARD = "gnu++17";
				CLANG_CXX_LIBRARY = "libc++";
				CLANG_ENABLE_MODULES = YES;
				CLANG_ENABLE_OBJC_ARC = YES;
				CLANG_ENABLE_OBJC_WEAK = YES;
				CLANG_WARN_BLOCK_CAPTURE_AUTORELEASING = YES;
				CLANG_WARN_BOOL_CONVERSION = YES;
				CLANG_WARN_COMMA = YES;
				CLANG_WARN_CONSTANT_CONVERSION = YES;
				CLANG_WARN_DEPRECATED_OBJC_IMPLEMENTATIONS = YES;
				CLANG_WARN_DIRECT_OBJC_ISA_USAGE = YES_ERROR;
				CLANG_WARN_DOCUMENTATION_COMMENTS = YES;
				CLANG_WARN_EMPTY_BODY = YES;
				CLANG_WARN_ENUM_CONVERSION = YES;
				CLANG_WARN_INFINITE_RECURSION = YES;
				CLANG_WARN_INT_CONVERSION = YES;
				CLANG_WARN_NON_LITERAL_NULL_CONVERSION = YES;
				CLANG_WARN_OBJC_IMPLICIT_RETAIN_SELF = YES;
				CLANG_WARN_OBJC_LITERAL_CONVERSION = YES;
				CLANG_WARN_OBJC_ROOT_CLASS = YES_ERROR;
				CLANG_WARN_QUOTED_INCLUDE_IN_FRAMEWORK_HEADER = YES;
				CLANG_WARN_RANGE_LOOP_ANALYSIS = YES;
				CLANG_WARN_STRICT_PROTOTYPES = YES;
				CLANG_WARN_SUSPICIOUS_MOVE = YES;
				CLANG_WARN_UNGUARDED_AVAILABILITY = YES_AGGRESSIVE;
				CLANG_WARN_UNREACHABLE_CODE = YES;
				CLANG_WARN__DUPLICATE_METHOD_MATCH = YES;
				COPY_PHASE_STRIP = NO;
				DEBUG_INFORMATION_FORMAT = dwarf;
				ENABLE_STRICT_OBJC_MSGSEND = YES;
				ENABLE_TESTABILITY = YES;
				GCC_C_LANGUAGE_STANDARD = gnu11;
				GCC_DYNAMIC_NO_PIC = NO;
				GCC_NO_COMMON_BLOCKS = YES;
				GCC_OPTIMIZATION_LEVEL = 0;
				GCC_PREPROCESSOR_DEFINITIONS = (
					"DEBUG=1",
					"$(inherited)",
				);
				GCC_WARN_64_TO_32_BIT_CONVERSION = YES;
				GCC_WARN_ABOUT_RETURN_TYPE = YES_ERROR;
				GCC_WARN_UNDECLARED_SELECTOR = YES;
				GCC_WARN_UNINITIALIZED_AUTOS = YES_AGGRESSIVE;
				GCC_WARN_UNUSED_FUNCTION = YES;
				GCC_WARN_UNUSED_VARIABLE = YES;
				IPHONEOS_DEPLOYMENT_TARGET = 15.0;
				MTL_ENABLE_DEBUG_INFO = INCLUDE_SOURCE;
				MTL_FAST_MATH = YES;
				ONLY_ACTIVE_ARCH = YES;
				SDKROOT = iphoneos;
				SWIFT_ACTIVE_COMPILATION_CONDITIONS = DEBUG;
				SWIFT_OPTIMIZATION_LEVEL = "-Onone";
			};
			name = Debug;
		};
		7BAC606F274C08660071954D /* Release */ = {
			isa = XCBuildConfiguration;
			buildSettings = {
				ALWAYS_SEARCH_USER_PATHS = NO;
				CLANG_ANALYZER_NONNULL = YES;
				CLANG_ANALYZER_NUMBER_OBJECT_CONVERSION = YES_AGGRESSIVE;
				CLANG_CXX_LANGUAGE_STANDARD = "gnu++17";
				CLANG_CXX_LIBRARY = "libc++";
				CLANG_ENABLE_MODULES = YES;
				CLANG_ENABLE_OBJC_ARC = YES;
				CLANG_ENABLE_OBJC_WEAK = YES;
				CLANG_WARN_BLOCK_CAPTURE_AUTORELEASING = YES;
				CLANG_WARN_BOOL_CONVERSION = YES;
				CLANG_WARN_COMMA = YES;
				CLANG_WARN_CONSTANT_CONVERSION = YES;
				CLANG_WARN_DEPRECATED_OBJC_IMPLEMENTATIONS = YES;
				CLANG_WARN_DIRECT_OBJC_ISA_USAGE = YES_ERROR;
				CLANG_WARN_DOCUMENTATION_COMMENTS = YES;
				CLANG_WARN_EMPTY_BODY = YES;
				CLANG_WARN_ENUM_CONVERSION = YES;
				CLANG_WARN_INFINITE_RECURSION = YES;
				CLANG_WARN_INT_CONVERSION = YES;
				CLANG_WARN_NON_LITERAL_NULL_CONVERSION = YES;
				CLANG_WARN_OBJC_IMPLICIT_RETAIN_SELF = YES;
				CLANG_WARN_OBJC_LITERAL_CONVERSION = YES;
				CLANG_WARN_OBJC_ROOT_CLASS = YES_ERROR;
				CLANG_WARN_QUOTED_INCLUDE_IN_FRAMEWORK_HEADER = YES;
				CLANG_WARN_RANGE_LOOP_ANALYSIS = YES;
				CLANG_WARN_STRICT_PROTOTYPES = YES;
				CLANG_WARN_SUSPICIOUS_MOVE = YES;
				CLANG_WARN_UNGUARDED_AVAILABILITY = YES_AGGRESSIVE;
				CLANG_WARN_UNREACHABLE_CODE = YES;
				CLANG_WARN__DUPLICATE_METHOD_MATCH = YES;
				COPY_PHASE_STRIP = NO;
				DEBUG_INFORMATION_FORMAT = "dwarf-with-dsym";
				ENABLE_NS_ASSERTIONS = NO;
				ENABLE_STRICT_OBJC_MSGSEND = YES;
				GCC_C_LANGUAGE_STANDARD = gnu11;
				GCC_NO_COMMON_BLOCKS = YES;
				GCC_WARN_64_TO_32_BIT_CONVERSION = YES;
				GCC_WARN_ABOUT_RETURN_TYPE = YES_ERROR;
				GCC_WARN_UNDECLARED_SELECTOR = YES;
				GCC_WARN_UNINITIALIZED_AUTOS = YES_AGGRESSIVE;
				GCC_WARN_UNUSED_FUNCTION = YES;
				GCC_WARN_UNUSED_VARIABLE = YES;
				IPHONEOS_DEPLOYMENT_TARGET = 15.0;
				MTL_ENABLE_DEBUG_INFO = NO;
				MTL_FAST_MATH = YES;
				SDKROOT = iphoneos;
				SWIFT_COMPILATION_MODE = wholemodule;
				SWIFT_OPTIMIZATION_LEVEL = "-O";
				VALIDATE_PRODUCT = YES;
			};
			name = Release;
		};
		7BAC6071274C08660071954D /* Debug */ = {
			isa = XCBuildConfiguration;
			baseConfigurationReference = 4285355F633FF99E071F05DF /* Pods-iOSDemo.debug.xcconfig */;
			buildSettings = {
				ASSETCATALOG_COMPILER_APPICON_NAME = AppIcon;
				ASSETCATALOG_COMPILER_GLOBAL_ACCENT_COLOR_NAME = AccentColor;
				CODE_SIGN_STYLE = Automatic;
				CURRENT_PROJECT_VERSION = 1;
				DEVELOPMENT_ASSET_PATHS = "\"iOSDemo/Preview Content\"";
				ENABLE_PREVIEWS = YES;
				GENERATE_INFOPLIST_FILE = YES;
				INFOPLIST_KEY_UIApplicationSceneManifest_Generation = YES;
				INFOPLIST_KEY_UIApplicationSupportsIndirectInputEvents = YES;
				INFOPLIST_KEY_UILaunchScreen_Generation = YES;
				INFOPLIST_KEY_UISupportedInterfaceOrientations_iPad = "UIInterfaceOrientationPortrait UIInterfaceOrientationPortraitUpsideDown UIInterfaceOrientationLandscapeLeft UIInterfaceOrientationLandscapeRight";
				INFOPLIST_KEY_UISupportedInterfaceOrientations_iPhone = "UIInterfaceOrientationPortrait UIInterfaceOrientationLandscapeLeft UIInterfaceOrientationLandscapeRight";
				IPHONEOS_DEPLOYMENT_TARGET = 16.6;
				LD_RUNPATH_SEARCH_PATHS = (
					"$(inherited)",
					"@executable_path/Frameworks",
				);
				MARKETING_VERSION = 1.0;
				PRODUCT_BUNDLE_IDENTIFIER = com.extole.iOSDemo;
				PRODUCT_NAME = "$(TARGET_NAME)";
				SWIFT_EMIT_LOC_STRINGS = YES;
				SWIFT_VERSION = 5.0;
				TARGETED_DEVICE_FAMILY = 1;
			};
			name = Debug;
		};
		7BAC6072274C08660071954D /* Release */ = {
			isa = XCBuildConfiguration;
			baseConfigurationReference = 5A2DF5E3AAA4925AA0FE11E9 /* Pods-iOSDemo.release.xcconfig */;
			buildSettings = {
				ASSETCATALOG_COMPILER_APPICON_NAME = AppIcon;
				ASSETCATALOG_COMPILER_GLOBAL_ACCENT_COLOR_NAME = AccentColor;
				CODE_SIGN_STYLE = Automatic;
				CURRENT_PROJECT_VERSION = 1;
				DEVELOPMENT_ASSET_PATHS = "\"iOSDemo/Preview Content\"";
				ENABLE_PREVIEWS = YES;
				GENERATE_INFOPLIST_FILE = YES;
				INFOPLIST_KEY_UIApplicationSceneManifest_Generation = YES;
				INFOPLIST_KEY_UIApplicationSupportsIndirectInputEvents = YES;
				INFOPLIST_KEY_UILaunchScreen_Generation = YES;
				INFOPLIST_KEY_UISupportedInterfaceOrientations_iPad = "UIInterfaceOrientationPortrait UIInterfaceOrientationPortraitUpsideDown UIInterfaceOrientationLandscapeLeft UIInterfaceOrientationLandscapeRight";
				INFOPLIST_KEY_UISupportedInterfaceOrientations_iPhone = "UIInterfaceOrientationPortrait UIInterfaceOrientationLandscapeLeft UIInterfaceOrientationLandscapeRight";
				IPHONEOS_DEPLOYMENT_TARGET = 16.6;
				LD_RUNPATH_SEARCH_PATHS = (
					"$(inherited)",
					"@executable_path/Frameworks",
				);
				MARKETING_VERSION = 1.0;
				PRODUCT_BUNDLE_IDENTIFIER = com.extole.iOSDemo;
				PRODUCT_NAME = "$(TARGET_NAME)";
				SWIFT_EMIT_LOC_STRINGS = YES;
				SWIFT_VERSION = 5.0;
				TARGETED_DEVICE_FAMILY = 1;
			};
			name = Release;
		};
		7BAC6074274C08660071954D /* Debug */ = {
			isa = XCBuildConfiguration;
			baseConfigurationReference = 728AD3D7A0183E64A08E1AE5 /* Pods-iOSDemoTests.debug.xcconfig */;
			buildSettings = {
				ALWAYS_EMBED_SWIFT_STANDARD_LIBRARIES = YES;
				BUNDLE_LOADER = "$(TEST_HOST)";
				CODE_SIGN_STYLE = Automatic;
				CURRENT_PROJECT_VERSION = 1;
				GENERATE_INFOPLIST_FILE = YES;
				IPHONEOS_DEPLOYMENT_TARGET = 15.0;
				LD_RUNPATH_SEARCH_PATHS = (
					"$(inherited)",
					"@executable_path/Frameworks",
					"@loader_path/Frameworks",
				);
				MARKETING_VERSION = 1.0;
				PRODUCT_BUNDLE_IDENTIFIER = com.extole.iOSDemoTests;
				PRODUCT_NAME = "$(TARGET_NAME)";
				SWIFT_EMIT_LOC_STRINGS = NO;
				SWIFT_VERSION = 5.0;
				TARGETED_DEVICE_FAMILY = "1,2";
				TEST_HOST = "$(BUILT_PRODUCTS_DIR)/iOSDemo.app/iOSDemo";
			};
			name = Debug;
		};
		7BAC6075274C08660071954D /* Release */ = {
			isa = XCBuildConfiguration;
			baseConfigurationReference = C4CF747714555AF89DF6E195 /* Pods-iOSDemoTests.release.xcconfig */;
			buildSettings = {
				ALWAYS_EMBED_SWIFT_STANDARD_LIBRARIES = YES;
				BUNDLE_LOADER = "$(TEST_HOST)";
				CODE_SIGN_STYLE = Automatic;
				CURRENT_PROJECT_VERSION = 1;
				GENERATE_INFOPLIST_FILE = YES;
				IPHONEOS_DEPLOYMENT_TARGET = 15.0;
				LD_RUNPATH_SEARCH_PATHS = (
					"$(inherited)",
					"@executable_path/Frameworks",
					"@loader_path/Frameworks",
				);
				MARKETING_VERSION = 1.0;
				PRODUCT_BUNDLE_IDENTIFIER = com.extole.iOSDemoTests;
				PRODUCT_NAME = "$(TARGET_NAME)";
				SWIFT_EMIT_LOC_STRINGS = NO;
				SWIFT_VERSION = 5.0;
				TARGETED_DEVICE_FAMILY = "1,2";
				TEST_HOST = "$(BUILT_PRODUCTS_DIR)/iOSDemo.app/iOSDemo";
			};
			name = Release;
		};
		7BAC6077274C08660071954D /* Debug */ = {
			isa = XCBuildConfiguration;
			baseConfigurationReference = 79BBB4D96E493EA5AD9E440E /* Pods-iOSDemo-iOSDemoUITests.debug.xcconfig */;
			buildSettings = {
				ALWAYS_EMBED_SWIFT_STANDARD_LIBRARIES = YES;
				CODE_SIGN_STYLE = Automatic;
				CURRENT_PROJECT_VERSION = 1;
				GENERATE_INFOPLIST_FILE = YES;
				LD_RUNPATH_SEARCH_PATHS = (
					"$(inherited)",
					"@executable_path/Frameworks",
					"@loader_path/Frameworks",
				);
				MARKETING_VERSION = 1.0;
				PRODUCT_BUNDLE_IDENTIFIER = com.extole.iOSDemoUITests;
				PRODUCT_NAME = "$(TARGET_NAME)";
				SWIFT_EMIT_LOC_STRINGS = NO;
				SWIFT_VERSION = 5.0;
				TARGETED_DEVICE_FAMILY = "1,2";
				TEST_TARGET_NAME = iOSDemo;
			};
			name = Debug;
		};
		7BAC6078274C08660071954D /* Release */ = {
			isa = XCBuildConfiguration;
			baseConfigurationReference = 19E73539F684DC30D63C8C01 /* Pods-iOSDemo-iOSDemoUITests.release.xcconfig */;
			buildSettings = {
				ALWAYS_EMBED_SWIFT_STANDARD_LIBRARIES = YES;
				CODE_SIGN_STYLE = Automatic;
				CURRENT_PROJECT_VERSION = 1;
				GENERATE_INFOPLIST_FILE = YES;
				LD_RUNPATH_SEARCH_PATHS = (
					"$(inherited)",
					"@executable_path/Frameworks",
					"@loader_path/Frameworks",
				);
				MARKETING_VERSION = 1.0;
				PRODUCT_BUNDLE_IDENTIFIER = com.extole.iOSDemoUITests;
				PRODUCT_NAME = "$(TARGET_NAME)";
				SWIFT_EMIT_LOC_STRINGS = NO;
				SWIFT_VERSION = 5.0;
				TARGETED_DEVICE_FAMILY = "1,2";
				TEST_TARGET_NAME = iOSDemo;
			};
			name = Release;
		};
/* End XCBuildConfiguration section */

/* Begin XCConfigurationList section */
		7BAC6047274C08640071954D /* Build configuration list for PBXProject "iOSDemo" */ = {
			isa = XCConfigurationList;
			buildConfigurations = (
				7BAC606E274C08660071954D /* Debug */,
				7BAC606F274C08660071954D /* Release */,
			);
			defaultConfigurationIsVisible = 0;
			defaultConfigurationName = Release;
		};
		7BAC6070274C08660071954D /* Build configuration list for PBXNativeTarget "iOSDemo" */ = {
			isa = XCConfigurationList;
			buildConfigurations = (
				7BAC6071274C08660071954D /* Debug */,
				7BAC6072274C08660071954D /* Release */,
			);
			defaultConfigurationIsVisible = 0;
			defaultConfigurationName = Release;
		};
		7BAC6073274C08660071954D /* Build configuration list for PBXNativeTarget "iOSDemoTests" */ = {
			isa = XCConfigurationList;
			buildConfigurations = (
				7BAC6074274C08660071954D /* Debug */,
				7BAC6075274C08660071954D /* Release */,
			);
			defaultConfigurationIsVisible = 0;
			defaultConfigurationName = Release;
		};
		7BAC6076274C08660071954D /* Build configuration list for PBXNativeTarget "iOSDemoUITests" */ = {
			isa = XCConfigurationList;
			buildConfigurations = (
				7BAC6077274C08660071954D /* Debug */,
				7BAC6078274C08660071954D /* Release */,
			);
			defaultConfigurationIsVisible = 0;
			defaultConfigurationName = Release;
		};
/* End XCConfigurationList section */
	};
	rootObject = 7BAC6044274C08640071954D /* Project object */;
}
